[0m[1mmodule.test_network.aws_vpc.vpc: Refreshing state... [id=vpc-076ff116fe4869e59][0m
[0m[1mmodule.test_network.aws_internet_gateway.ig: Refreshing state... [id=igw-0d2b5b0f9e50b6608][0m
[0m[1mmodule.test_network.aws_default_route_table.default: Refreshing state... [id=rtb-0e5798ac1ac109df8][0m
[0m[1mmodule.test_network.aws_route.default_main: Refreshing state... [id=r-rtb-0e5798ac1ac109df81080289494][0m

Terraform used the selected providers to generate the following execution
plan. Resource actions are indicated with the following symbols:
  [32m+[0m create[0m

Terraform will perform the following actions:

[1m  # module.test_network.aws_default_security_group.default[0m will be created
[0m  [32m+[0m[0m resource "aws_default_security_group" "default" {
      [32m+[0m[0m arn                    = (known after apply)
      [32m+[0m[0m description            = (known after apply)
      [32m+[0m[0m egress                 = [
          [32m+[0m[0m {
              [32m+[0m[0m cidr_blocks      = [
                  [32m+[0m[0m "0.0.0.0/0",
                ]
              [32m+[0m[0m description      = ""
              [32m+[0m[0m from_port        = 0
              [32m+[0m[0m ipv6_cidr_blocks = []
              [32m+[0m[0m prefix_list_ids  = []
              [32m+[0m[0m protocol         = "-1"
              [32m+[0m[0m security_groups  = []
              [32m+[0m[0m self             = false
              [32m+[0m[0m to_port          = 0
            },
        ]
      [32m+[0m[0m id                     = (known after apply)
      [32m+[0m[0m ingress                = [
          [32m+[0m[0m {
              [32m+[0m[0m cidr_blocks      = [
                  [32m+[0m[0m "0.0.0.0/0",
                ]
              [32m+[0m[0m description      = ""
              [32m+[0m[0m from_port        = 0
              [32m+[0m[0m ipv6_cidr_blocks = []
              [32m+[0m[0m prefix_list_ids  = []
              [32m+[0m[0m protocol         = "-1"
              [32m+[0m[0m security_groups  = []
              [32m+[0m[0m self             = false
              [32m+[0m[0m to_port          = 0
            },
        ]
      [32m+[0m[0m name                   = (known after apply)
      [32m+[0m[0m name_prefix            = (known after apply)
      [32m+[0m[0m owner_id               = (known after apply)
      [32m+[0m[0m revoke_rules_on_delete = false
      [32m+[0m[0m tags                   = {
          [32m+[0m[0m "Name"        = "10.0.0.0/16 default"
          [32m+[0m[0m "environment" = "dev"
          [32m+[0m[0m "service"     = "test_data/service_network"
        }
      [32m+[0m[0m tags_all               = {
          [32m+[0m[0m "Name"        = "10.0.0.0/16 default"
          [32m+[0m[0m "created_by"  = "infrahouse/terraform-aws-service-network"
          [32m+[0m[0m "environment" = "dev"
          [32m+[0m[0m "service"     = "test_data/service_network"
        }
      [32m+[0m[0m vpc_id                 = "vpc-076ff116fe4869e59"
    }

[1mPlan:[0m 1 to add, 0 to change, 0 to destroy.
[0m
Changes to Outputs:
  [32m+[0m[0m internet_gateway_id = "igw-0d2b5b0f9e50b6608"
  [32m+[0m[0m subnets_all         = []
  [32m+[0m[0m subnets_private     = []
  [32m+[0m[0m subnets_public      = []
  [32m+[0m[0m vpc_id              = "vpc-076ff116fe4869e59"
[0m[1mmodule.test_network.aws_default_security_group.default: Creating...[0m[0m
[0m[1mmodule.test_network.aws_default_security_group.default: Creation complete after 2s [id=sg-04d89c471bc68f038][0m
[0m[1m[32m
Apply complete! Resources: 1 added, 0 changed, 0 destroyed.
[0m[0m[1m[32m
Outputs:

[0minternet_gateway_id = "igw-0d2b5b0f9e50b6608"
subnets_all = []
subnets_private = []
subnets_public = []
vpc_id = "vpc-076ff116fe4869e59"
