[0m[1mmodule.test_network.aws_vpc.vpc: Refreshing state... [id=vpc-076ff116fe4869e59][0m
[0m[1mmodule.test_network.aws_internet_gateway.ig: Refreshing state... [id=igw-0d2b5b0f9e50b6608][0m
[0m[1mmodule.test_network.aws_default_security_group.default: Refreshing state... [id=sg-04d89c471bc68f038][0m
[0m[1mmodule.test_network.aws_default_route_table.default: Refreshing state... [id=rtb-0e5798ac1ac109df8][0m

Terraform used the selected providers to generate the following execution
plan. Resource actions are indicated with the following symbols:
  [32m+[0m create[0m
[31m-[0m/[32m+[0m destroy and then create replacement[0m

Terraform will perform the following actions:

[1m  # module.test_network.aws_default_security_group.default[0m is tainted, so must be [1m[31mreplaced[0m
[0m[31m-[0m/[32m+[0m[0m resource "aws_default_security_group" "default" {
      [33m~[0m[0m arn                    = "arn:aws:ec2:us-east-1:303467602807:security-group/sg-04d89c471bc68f038" -> (known after apply)
      [33m~[0m[0m description            = "default VPC security group" -> (known after apply)
      [33m~[0m[0m egress                 = [
          [32m+[0m[0m {
              [32m+[0m[0m cidr_blocks      = [
                  [32m+[0m[0m "0.0.0.0/0",
                ]
              [32m+[0m[0m description      = ""
              [32m+[0m[0m from_port        = 0
              [32m+[0m[0m ipv6_cidr_blocks = []
              [32m+[0m[0m prefix_list_ids  = []
              [32m+[0m[0m protocol         = "-1"
              [32m+[0m[0m security_groups  = []
              [32m+[0m[0m self             = false
              [32m+[0m[0m to_port          = 0
            },
        ]
      [33m~[0m[0m id                     = "sg-04d89c471bc68f038" -> (known after apply)
      [33m~[0m[0m name                   = "default" -> (known after apply)
      [32m+[0m[0m name_prefix            = (known after apply)
      [33m~[0m[0m owner_id               = "303467602807" -> (known after apply)
        tags                   = {
            "Name"        = "10.0.0.0/16 default"
            "environment" = "dev"
            "service"     = "test_data/service_network"
        }
        [90m# (4 unchanged attributes hidden)[0m[0m
    }

[1m  # module.test_network.aws_route.default_main[0m will be created
[0m  [32m+[0m[0m resource "aws_route" "default_main" {
      [32m+[0m[0m destination_cidr_block = "0.0.0.0/0"
      [32m+[0m[0m gateway_id             = "igw-0d2b5b0f9e50b6608"
      [32m+[0m[0m id                     = (known after apply)
      [32m+[0m[0m instance_id            = (known after apply)
      [32m+[0m[0m instance_owner_id      = (known after apply)
      [32m+[0m[0m network_interface_id   = (known after apply)
      [32m+[0m[0m origin                 = (known after apply)
      [32m+[0m[0m route_table_id         = "rtb-0e5798ac1ac109df8"
      [32m+[0m[0m state                  = (known after apply)
    }

[1mPlan:[0m 2 to add, 0 to change, 1 to destroy.
[0m[0m[1mmodule.test_network.aws_default_security_group.default: Destroying... [id=sg-04d89c471bc68f038][0m[0m
[0m[1mmodule.test_network.aws_default_security_group.default: Destruction complete after 0s[0m
[0m[1mmodule.test_network.aws_route.default_main: Creating...[0m[0m
[0m[1mmodule.test_network.aws_default_security_group.default: Creating...[0m[0m
